
Microsoft Visual Studio Solution File, Format Version 12.00
# Visual Studio Version 17
VisualStudioVersion = 17.5.002.0
MinimumVisualStudioVersion = 10.0.40219.1
Project("{2150E333-8FDC-42A3-9474-1A3956D46DE8}") = "src", "src", "{B68343DB-0322-4550-82DA-354BBF6BDAB8}"
EndProject
Project("{9A19103F-16F7-4668-BE54-9A1E7A4F7556}") = "Ticketing.DataAccess", "src\DataAccess\Ticketing.DataAccess.csproj", "{620BA71D-2590-487E-91A5-31B556D7C41F}"
EndProject
Project("{9A19103F-16F7-4668-BE54-9A1E7A4F7556}") = "Ticketing.WebAPI", "src\WebApi\Ticketing.WebAPI.csproj", "{59D1C1FA-B8A6-474D-91CE-36C56A80B053}"
EndProject
Project("{9A19103F-16F7-4668-BE54-9A1E7A4F7556}") = "Ticketing.Domain", "src\Domain\Ticketing.Domain.csproj", "{F6DF355A-5C61-40B8-AFAB-9A91296DE32D}"
EndProject
Project("{9A19103F-16F7-4668-BE54-9A1E7A4F7556}") = "Ticketing.Application", "src\Application\Ticketing.Application.csproj", "{38C7CFE2-8394-4198-AEF3-133EE212D895}"
EndProject
Project("{9A19103F-16F7-4668-BE54-9A1E7A4F7556}") = "Ticketing.DataAccess.DependencyInjection", "src\DataAccess.DependencyInjection\Ticketing.DataAccess.DependencyInjection.csproj", "{805F5F17-8DCE-4BEC-BA65-874B2A688381}"
EndProject
Project("{2150E333-8FDC-42A3-9474-1A3956D46DE8}") = "tests", "tests", "{61D6C68E-34BC-48C6-B320-CC84A5967C25}"
EndProject
Project("{9A19103F-16F7-4668-BE54-9A1E7A4F7556}") = "Ticketing.DataAccess.UnitTests", "tests\Ticketing.DataAccess.UnitTests\Ticketing.DataAccess.UnitTests.csproj", "{F73BB423-7EEC-4CD0-9F6F-19E4A5F42E50}"
EndProject
Project("{9A19103F-16F7-4668-BE54-9A1E7A4F7556}") = "Ticketing.WebAPI.UnitTests", "tests\Ticketing.WebAPI.UnitTests\Ticketing.WebAPI.UnitTests.csproj", "{819830DB-FC8D-486E-974D-59301C70C490}"
EndProject
Project("{9A19103F-16F7-4668-BE54-9A1E7A4F7556}") = "Ticketing.WebAPI.IntegrationTests", "tests\Ticketing.WebAPI.IntegrationTests\Ticketing.WebAPI.IntegrationTests.csproj", "{A34DB7D4-CFBF-4B83-B2D1-CE60D14DE0B6}"
EndProject
Project("{9A19103F-16F7-4668-BE54-9A1E7A4F7556}") = "Ticketing.Tests.Core", "tests\Ticketing.Tests.Core\Ticketing.Tests.Core.csproj", "{85B87FF9-08A2-4E2B-98FA-490663047E49}"
EndProject
Project("{9A19103F-16F7-4668-BE54-9A1E7A4F7556}") = "Ticketing.WebApi.LoadTests", "tests\Ticketing.WebApi.LoadTests\Ticketing.WebApi.LoadTests.csproj", "{BC4FE48B-5C29-4F81-9BEA-E7B243A33976}"
EndProject
Project("{9A19103F-16F7-4668-BE54-9A1E7A4F7556}") = "Ticketing.Notification.Service", "src\Notification\Ticketing.Notification.Service.csproj", "{0351205F-433F-435A-B419-AB474343686C}"
EndProject
Project("{9A19103F-16F7-4668-BE54-9A1E7A4F7556}") = "Ticketing.Notification.Common", "src\Notification.Common\Ticketing.Notification.Common.csproj", "{F60FE0B5-2DB8-4514-9341-57A17250286D}"
EndProject
Global
	GlobalSection(SolutionConfigurationPlatforms) = preSolution
		Debug|Any CPU = Debug|Any CPU
		Release|Any CPU = Release|Any CPU
	EndGlobalSection
	GlobalSection(ProjectConfigurationPlatforms) = postSolution
		{620BA71D-2590-487E-91A5-31B556D7C41F}.Debug|Any CPU.ActiveCfg = Debug|Any CPU
		{620BA71D-2590-487E-91A5-31B556D7C41F}.Debug|Any CPU.Build.0 = Debug|Any CPU
		{620BA71D-2590-487E-91A5-31B556D7C41F}.Release|Any CPU.ActiveCfg = Release|Any CPU
		{620BA71D-2590-487E-91A5-31B556D7C41F}.Release|Any CPU.Build.0 = Release|Any CPU
		{59D1C1FA-B8A6-474D-91CE-36C56A80B053}.Debug|Any CPU.ActiveCfg = Debug|Any CPU
		{59D1C1FA-B8A6-474D-91CE-36C56A80B053}.Debug|Any CPU.Build.0 = Debug|Any CPU
		{59D1C1FA-B8A6-474D-91CE-36C56A80B053}.Release|Any CPU.ActiveCfg = Release|Any CPU
		{59D1C1FA-B8A6-474D-91CE-36C56A80B053}.Release|Any CPU.Build.0 = Release|Any CPU
		{F6DF355A-5C61-40B8-AFAB-9A91296DE32D}.Debug|Any CPU.ActiveCfg = Debug|Any CPU
		{F6DF355A-5C61-40B8-AFAB-9A91296DE32D}.Debug|Any CPU.Build.0 = Debug|Any CPU
		{F6DF355A-5C61-40B8-AFAB-9A91296DE32D}.Release|Any CPU.ActiveCfg = Release|Any CPU
		{F6DF355A-5C61-40B8-AFAB-9A91296DE32D}.Release|Any CPU.Build.0 = Release|Any CPU
		{38C7CFE2-8394-4198-AEF3-133EE212D895}.Debug|Any CPU.ActiveCfg = Debug|Any CPU
		{38C7CFE2-8394-4198-AEF3-133EE212D895}.Debug|Any CPU.Build.0 = Debug|Any CPU
		{38C7CFE2-8394-4198-AEF3-133EE212D895}.Release|Any CPU.ActiveCfg = Release|Any CPU
		{38C7CFE2-8394-4198-AEF3-133EE212D895}.Release|Any CPU.Build.0 = Release|Any CPU
		{805F5F17-8DCE-4BEC-BA65-874B2A688381}.Debug|Any CPU.ActiveCfg = Debug|Any CPU
		{805F5F17-8DCE-4BEC-BA65-874B2A688381}.Debug|Any CPU.Build.0 = Debug|Any CPU
		{805F5F17-8DCE-4BEC-BA65-874B2A688381}.Release|Any CPU.ActiveCfg = Release|Any CPU
		{805F5F17-8DCE-4BEC-BA65-874B2A688381}.Release|Any CPU.Build.0 = Release|Any CPU
		{F73BB423-7EEC-4CD0-9F6F-19E4A5F42E50}.Debug|Any CPU.ActiveCfg = Debug|Any CPU
		{F73BB423-7EEC-4CD0-9F6F-19E4A5F42E50}.Debug|Any CPU.Build.0 = Debug|Any CPU
		{F73BB423-7EEC-4CD0-9F6F-19E4A5F42E50}.Release|Any CPU.ActiveCfg = Release|Any CPU
		{F73BB423-7EEC-4CD0-9F6F-19E4A5F42E50}.Release|Any CPU.Build.0 = Release|Any CPU
		{819830DB-FC8D-486E-974D-59301C70C490}.Debug|Any CPU.ActiveCfg = Debug|Any CPU
		{819830DB-FC8D-486E-974D-59301C70C490}.Debug|Any CPU.Build.0 = Debug|Any CPU
		{819830DB-FC8D-486E-974D-59301C70C490}.Release|Any CPU.ActiveCfg = Release|Any CPU
		{819830DB-FC8D-486E-974D-59301C70C490}.Release|Any CPU.Build.0 = Release|Any CPU
		{A34DB7D4-CFBF-4B83-B2D1-CE60D14DE0B6}.Debug|Any CPU.ActiveCfg = Debug|Any CPU
		{A34DB7D4-CFBF-4B83-B2D1-CE60D14DE0B6}.Debug|Any CPU.Build.0 = Debug|Any CPU
		{A34DB7D4-CFBF-4B83-B2D1-CE60D14DE0B6}.Release|Any CPU.ActiveCfg = Release|Any CPU
		{A34DB7D4-CFBF-4B83-B2D1-CE60D14DE0B6}.Release|Any CPU.Build.0 = Release|Any CPU
		{85B87FF9-08A2-4E2B-98FA-490663047E49}.Debug|Any CPU.ActiveCfg = Debug|Any CPU
		{85B87FF9-08A2-4E2B-98FA-490663047E49}.Debug|Any CPU.Build.0 = Debug|Any CPU
		{85B87FF9-08A2-4E2B-98FA-490663047E49}.Release|Any CPU.ActiveCfg = Release|Any CPU
		{85B87FF9-08A2-4E2B-98FA-490663047E49}.Release|Any CPU.Build.0 = Release|Any CPU
		{BC4FE48B-5C29-4F81-9BEA-E7B243A33976}.Debug|Any CPU.ActiveCfg = Debug|Any CPU
		{BC4FE48B-5C29-4F81-9BEA-E7B243A33976}.Debug|Any CPU.Build.0 = Debug|Any CPU
		{BC4FE48B-5C29-4F81-9BEA-E7B243A33976}.Release|Any CPU.ActiveCfg = Release|Any CPU
		{BC4FE48B-5C29-4F81-9BEA-E7B243A33976}.Release|Any CPU.Build.0 = Release|Any CPU
		{0351205F-433F-435A-B419-AB474343686C}.Debug|Any CPU.ActiveCfg = Debug|Any CPU
		{0351205F-433F-435A-B419-AB474343686C}.Debug|Any CPU.Build.0 = Debug|Any CPU
		{0351205F-433F-435A-B419-AB474343686C}.Release|Any CPU.ActiveCfg = Release|Any CPU
		{0351205F-433F-435A-B419-AB474343686C}.Release|Any CPU.Build.0 = Release|Any CPU
		{F60FE0B5-2DB8-4514-9341-57A17250286D}.Debug|Any CPU.ActiveCfg = Debug|Any CPU
		{F60FE0B5-2DB8-4514-9341-57A17250286D}.Debug|Any CPU.Build.0 = Debug|Any CPU
		{F60FE0B5-2DB8-4514-9341-57A17250286D}.Release|Any CPU.ActiveCfg = Release|Any CPU
		{F60FE0B5-2DB8-4514-9341-57A17250286D}.Release|Any CPU.Build.0 = Release|Any CPU
	EndGlobalSection
	GlobalSection(SolutionProperties) = preSolution
		HideSolutionNode = FALSE
	EndGlobalSection
	GlobalSection(NestedProjects) = preSolution
		{620BA71D-2590-487E-91A5-31B556D7C41F} = {B68343DB-0322-4550-82DA-354BBF6BDAB8}
		{59D1C1FA-B8A6-474D-91CE-36C56A80B053} = {B68343DB-0322-4550-82DA-354BBF6BDAB8}
		{F6DF355A-5C61-40B8-AFAB-9A91296DE32D} = {B68343DB-0322-4550-82DA-354BBF6BDAB8}
		{38C7CFE2-8394-4198-AEF3-133EE212D895} = {B68343DB-0322-4550-82DA-354BBF6BDAB8}
		{805F5F17-8DCE-4BEC-BA65-874B2A688381} = {B68343DB-0322-4550-82DA-354BBF6BDAB8}
		{F73BB423-7EEC-4CD0-9F6F-19E4A5F42E50} = {61D6C68E-34BC-48C6-B320-CC84A5967C25}
		{819830DB-FC8D-486E-974D-59301C70C490} = {61D6C68E-34BC-48C6-B320-CC84A5967C25}
		{A34DB7D4-CFBF-4B83-B2D1-CE60D14DE0B6} = {61D6C68E-34BC-48C6-B320-CC84A5967C25}
		{85B87FF9-08A2-4E2B-98FA-490663047E49} = {61D6C68E-34BC-48C6-B320-CC84A5967C25}
		{BC4FE48B-5C29-4F81-9BEA-E7B243A33976} = {61D6C68E-34BC-48C6-B320-CC84A5967C25}
		{0351205F-433F-435A-B419-AB474343686C} = {B68343DB-0322-4550-82DA-354BBF6BDAB8}
		{F60FE0B5-2DB8-4514-9341-57A17250286D} = {B68343DB-0322-4550-82DA-354BBF6BDAB8}
	EndGlobalSection
	GlobalSection(ExtensibilityGlobals) = postSolution
		SolutionGuid = {030B4E1F-7771-40BA-A108-92529AF8C45C}
	EndGlobalSection
EndGlobal
