
Microsoft Visual Studio Solution File, Format Version 12.00
# Visual Studio Version 17
VisualStudioVersion = 17.5.002.0
MinimumVisualStudioVersion = 10.0.40219.1
Project("{2150E333-8FDC-42A3-9474-1A3956D46DE8}") = "src", "src", "{B68343DB-0322-4550-82DA-354BBF6BDAB8}"
EndProject
Project("{9A19103F-16F7-4668-BE54-9A1E7A4F7556}") = "Ticketing.DataAccess", "src\DataAccess\Ticketing.DataAccess.csproj", "{620BA71D-2590-487E-91A5-31B556D7C41F}"
EndProject
Project("{FAE04EC0-301F-11D3-BF4B-00C04F79EFBC}") = "Ticketing.WebAPI", "src\WebApi\Ticketing.WebAPI.csproj", "{59D1C1FA-B8A6-474D-91CE-36C56A80B053}"
EndProject
Project("{FAE04EC0-301F-11D3-BF4B-00C04F79EFBC}") = "Ticketing.Domain", "src\Domain\Ticketing.Domain.csproj", "{F6DF355A-5C61-40B8-AFAB-9A91296DE32D}"
EndProject
Project("{FAE04EC0-301F-11D3-BF4B-00C04F79EFBC}") = "Ticketing.Application", "src\Application\Ticketing.Application.csproj", "{38C7CFE2-8394-4198-AEF3-133EE212D895}"
EndProject
Global
	GlobalSection(SolutionConfigurationPlatforms) = preSolution
		Debug|Any CPU = Debug|Any CPU
		Release|Any CPU = Release|Any CPU
	EndGlobalSection
	GlobalSection(ProjectConfigurationPlatforms) = postSolution
		{620BA71D-2590-487E-91A5-31B556D7C41F}.Debug|Any CPU.ActiveCfg = Debug|Any CPU
		{620BA71D-2590-487E-91A5-31B556D7C41F}.Debug|Any CPU.Build.0 = Debug|Any CPU
		{620BA71D-2590-487E-91A5-31B556D7C41F}.Release|Any CPU.ActiveCfg = Release|Any CPU
		{620BA71D-2590-487E-91A5-31B556D7C41F}.Release|Any CPU.Build.0 = Release|Any CPU
		{59D1C1FA-B8A6-474D-91CE-36C56A80B053}.Debug|Any CPU.ActiveCfg = Debug|Any CPU
		{59D1C1FA-B8A6-474D-91CE-36C56A80B053}.Debug|Any CPU.Build.0 = Debug|Any CPU
		{59D1C1FA-B8A6-474D-91CE-36C56A80B053}.Release|Any CPU.ActiveCfg = Release|Any CPU
		{59D1C1FA-B8A6-474D-91CE-36C56A80B053}.Release|Any CPU.Build.0 = Release|Any CPU
		{F6DF355A-5C61-40B8-AFAB-9A91296DE32D}.Debug|Any CPU.ActiveCfg = Debug|Any CPU
		{F6DF355A-5C61-40B8-AFAB-9A91296DE32D}.Debug|Any CPU.Build.0 = Debug|Any CPU
		{F6DF355A-5C61-40B8-AFAB-9A91296DE32D}.Release|Any CPU.ActiveCfg = Release|Any CPU
		{F6DF355A-5C61-40B8-AFAB-9A91296DE32D}.Release|Any CPU.Build.0 = Release|Any CPU
		{38C7CFE2-8394-4198-AEF3-133EE212D895}.Debug|Any CPU.ActiveCfg = Debug|Any CPU
		{38C7CFE2-8394-4198-AEF3-133EE212D895}.Debug|Any CPU.Build.0 = Debug|Any CPU
		{38C7CFE2-8394-4198-AEF3-133EE212D895}.Release|Any CPU.ActiveCfg = Release|Any CPU
		{38C7CFE2-8394-4198-AEF3-133EE212D895}.Release|Any CPU.Build.0 = Release|Any CPU
	EndGlobalSection
	GlobalSection(SolutionProperties) = preSolution
		HideSolutionNode = FALSE
	EndGlobalSection
	GlobalSection(NestedProjects) = preSolution
		{620BA71D-2590-487E-91A5-31B556D7C41F} = {B68343DB-0322-4550-82DA-354BBF6BDAB8}
		{59D1C1FA-B8A6-474D-91CE-36C56A80B053} = {B68343DB-0322-4550-82DA-354BBF6BDAB8}
		{F6DF355A-5C61-40B8-AFAB-9A91296DE32D} = {B68343DB-0322-4550-82DA-354BBF6BDAB8}
		{38C7CFE2-8394-4198-AEF3-133EE212D895} = {B68343DB-0322-4550-82DA-354BBF6BDAB8}
	EndGlobalSection
	GlobalSection(ExtensibilityGlobals) = postSolution
		SolutionGuid = {030B4E1F-7771-40BA-A108-92529AF8C45C}
	EndGlobalSection
EndGlobal
